
Microsoft Visual Studio Solution File, Format Version 12.00
# Visual Studio Version 16
VisualStudioVersion = 16.0.31911.196
MinimumVisualStudioVersion = 10.0.40219.1
Project("{FAE04EC0-301F-11D3-BF4B-00C04F79EFBC}") = "HelloWorld", "HelloWorld\HelloWorld.csproj", "{B20D72F3-A24F-40CB-93EA-F7455144F81D}"
EndProject
Global
	GlobalSection(SolutionConfigurationPlatforms) = preSolution
		Debug|Any CPU = Debug|Any CPU
		Release|Any CPU = Release|Any CPU
	EndGlobalSection
	GlobalSection(ProjectConfigurationPlatforms) = postSolution
		{B20D72F3-A24F-40CB-93EA-F7455144F81D}.Debug|Any CPU.ActiveCfg = Debug|Any CPU
		{B20D72F3-A24F-40CB-93EA-F7455144F81D}.Debug|Any CPU.Build.0 = Debug|Any CPU
		{B20D72F3-A24F-40CB-93EA-F7455144F81D}.Release|Any CPU.ActiveCfg = Release|Any CPU
		{B20D72F3-A24F-40CB-93EA-F7455144F81D}.Release|Any CPU.Build.0 = Release|Any CPU
	EndGlobalSection
	GlobalSection(SolutionProperties) = preSolution
		HideSolutionNode = FALSE
	EndGlobalSection
	GlobalSection(ExtensibilityGlobals) = postSolution
		SolutionGuid = {ECFFA91C-14F9-46F8-8106-6E6023D507E4}
	EndGlobalSection
EndGlobal
